
Microsoft Visual Studio Solution File, Format Version 12.00
# Visual Studio Version 16
VisualStudioVersion = 16.0.29609.76
MinimumVisualStudioVersion = 10.0.40219.1
Project("{FAE04EC0-301F-11D3-BF4B-00C04F79EFBC}") = "WebApp4P", "WebApp4P.csproj", "{B1DD69B4-5A5D-4095-96A1-D491EA94DD77}"
EndProject
Global
	GlobalSection(SolutionConfigurationPlatforms) = preSolution
		Debug|Any CPU = Debug|Any CPU
		Release|Any CPU = Release|Any CPU
	EndGlobalSection
	GlobalSection(ProjectConfigurationPlatforms) = postSolution
		{B1DD69B4-5A5D-4095-96A1-D491EA94DD77}.Debug|Any CPU.ActiveCfg = Debug|Any CPU
		{B1DD69B4-5A5D-4095-96A1-D491EA94DD77}.Debug|Any CPU.Build.0 = Debug|Any CPU
		{B1DD69B4-5A5D-4095-96A1-D491EA94DD77}.Release|Any CPU.ActiveCfg = Release|Any CPU
		{B1DD69B4-5A5D-4095-96A1-D491EA94DD77}.Release|Any CPU.Build.0 = Release|Any CPU
	EndGlobalSection
	GlobalSection(SolutionProperties) = preSolution
		HideSolutionNode = FALSE
	EndGlobalSection
	GlobalSection(ExtensibilityGlobals) = postSolution
		SolutionGuid = {C07B3F5F-7786-403F-8DEF-69C153975971}
	EndGlobalSection
EndGlobal
